
Microsoft Visual Studio Solution File, Format Version 12.00
# Visual Studio Version 16
VisualStudioVersion = 16.0.30804.86
MinimumVisualStudioVersion = 10.0.40219.1
Project("{8BC9CEB8-8B4A-11D0-8D11-00A0C91BC942}") = "GPUOpenCLProjectforWindows1", "GPUOpenCLProjectforWindows1\GPUOpenCLProjectforWindows1.vcxproj", "{92AD1D4F-2A1B-4EFD-B797-8ADF72E4D151}"
EndProject
Project("{8BC9CEB8-8B4A-11D0-8D11-00A0C91BC942}") = "StefanCode", "StefanCode\StefanCode.vcxproj", "{6A64327A-D822-4B07-A93E-5530FD54024A}"
EndProject
Project("{8BC9CEB8-8B4A-11D0-8D11-00A0C91BC942}") = "ImageTest", "ImageTest\ImageTest.vcxproj", "{2CE1227E-08C7-42BB-927E-700E73736903}"
EndProject
Global
	GlobalSection(SolutionConfigurationPlatforms) = preSolution
		Debug|x64 = Debug|x64
		Debug|x86 = Debug|x86
		Release|x64 = Release|x64
		Release|x86 = Release|x86
	EndGlobalSection
	GlobalSection(ProjectConfigurationPlatforms) = postSolution
		{92AD1D4F-2A1B-4EFD-B797-8ADF72E4D151}.Debug|x64.ActiveCfg = Debug|x64
		{92AD1D4F-2A1B-4EFD-B797-8ADF72E4D151}.Debug|x86.ActiveCfg = Debug|Win32
		{92AD1D4F-2A1B-4EFD-B797-8ADF72E4D151}.Debug|x86.Build.0 = Debug|Win32
		{92AD1D4F-2A1B-4EFD-B797-8ADF72E4D151}.Release|x64.ActiveCfg = Release|x64
		{92AD1D4F-2A1B-4EFD-B797-8ADF72E4D151}.Release|x64.Build.0 = Release|x64
		{92AD1D4F-2A1B-4EFD-B797-8ADF72E4D151}.Release|x86.ActiveCfg = Release|Win32
		{92AD1D4F-2A1B-4EFD-B797-8ADF72E4D151}.Release|x86.Build.0 = Release|Win32
		{6A64327A-D822-4B07-A93E-5530FD54024A}.Debug|x64.ActiveCfg = Debug|x64
		{6A64327A-D822-4B07-A93E-5530FD54024A}.Debug|x64.Build.0 = Debug|x64
		{6A64327A-D822-4B07-A93E-5530FD54024A}.Debug|x86.ActiveCfg = Debug|Win32
		{6A64327A-D822-4B07-A93E-5530FD54024A}.Debug|x86.Build.0 = Debug|Win32
		{6A64327A-D822-4B07-A93E-5530FD54024A}.Release|x64.ActiveCfg = Release|x64
		{6A64327A-D822-4B07-A93E-5530FD54024A}.Release|x64.Build.0 = Release|x64
		{6A64327A-D822-4B07-A93E-5530FD54024A}.Release|x86.ActiveCfg = Release|Win32
		{6A64327A-D822-4B07-A93E-5530FD54024A}.Release|x86.Build.0 = Release|Win32
		{2CE1227E-08C7-42BB-927E-700E73736903}.Debug|x64.ActiveCfg = Debug|x64
		{2CE1227E-08C7-42BB-927E-700E73736903}.Debug|x64.Build.0 = Debug|x64
		{2CE1227E-08C7-42BB-927E-700E73736903}.Debug|x86.ActiveCfg = Debug|Win32
		{2CE1227E-08C7-42BB-927E-700E73736903}.Debug|x86.Build.0 = Debug|Win32
		{2CE1227E-08C7-42BB-927E-700E73736903}.Release|x64.ActiveCfg = Release|x64
		{2CE1227E-08C7-42BB-927E-700E73736903}.Release|x64.Build.0 = Release|x64
		{2CE1227E-08C7-42BB-927E-700E73736903}.Release|x86.ActiveCfg = Release|Win32
		{2CE1227E-08C7-42BB-927E-700E73736903}.Release|x86.Build.0 = Release|Win32
	EndGlobalSection
	GlobalSection(SolutionProperties) = preSolution
		HideSolutionNode = FALSE
	EndGlobalSection
	GlobalSection(ExtensibilityGlobals) = postSolution
		SolutionGuid = {464C0372-3248-4B92-911F-2ACA943DBB41}
	EndGlobalSection
EndGlobal
